
Microsoft Visual Studio Solution File, Format Version 12.00
# Visual Studio 15
VisualStudioVersion = 15.0.27004.2002
MinimumVisualStudioVersion = 10.0.40219.1
Project("{2150E333-8FDC-42A3-9474-1A3956D46DE8}") = "DeepCore", "DeepCore", "{FD4897CE-B812-4ACE-8EFD-5784D1091E1A}"
EndProject
Project("{9A19103F-16F7-4668-BE54-9A1E7A4F7556}") = "DeepCore", "..\DeepCore\DeepCore\DeepCore.csproj", "{0951676D-0FB3-4E35-B9D2-ED28EA141ADA}"
EndProject
Project("{9A19103F-16F7-4668-BE54-9A1E7A4F7556}") = "DeepCore.GameData", "..\DeepCore\DeepCore.GameData\DeepCore.GameData.csproj", "{3B82EF9E-967F-447E-B243-0274755BB7B8}"
EndProject
Project("{9A19103F-16F7-4668-BE54-9A1E7A4F7556}") = "DeepCore.GameHost", "..\DeepCore\DeepCore.GameHost\DeepCore.GameHost.csproj", "{0328D4F1-7A02-4897-9E3F-353B7597A4EC}"
EndProject
Project("{9A19103F-16F7-4668-BE54-9A1E7A4F7556}") = "DeepCore.GameHost.Local", "..\DeepCore\DeepCore.GameHost.Local\DeepCore.GameHost.Local.csproj", "{E4D44380-972C-4E6C-919E-3FAD1F71977F}"
EndProject
Project("{9A19103F-16F7-4668-BE54-9A1E7A4F7556}") = "DeepCore.GameHost.Server", "..\DeepCore\DeepCore.GameHost.Server\DeepCore.GameHost.Server.csproj", "{46293AEA-1EDA-42E7-AD4F-52B5E7641261}"
EndProject
Project("{9A19103F-16F7-4668-BE54-9A1E7A4F7556}") = "DeepCore.GameSlave", "..\DeepCore\DeepCore.GameSlave\DeepCore.GameSlave.csproj", "{85137B17-8021-4AB9-AEDB-D5B30E0D3F24}"
EndProject
Project("{9A19103F-16F7-4668-BE54-9A1E7A4F7556}") = "DeepCore.GUI", "..\DeepCore\DeepCore.GUI\DeepCore.GUI.csproj", "{CB3288A6-E04F-47A7-BFBA-A5D5163541BA}"
EndProject
Project("{9A19103F-16F7-4668-BE54-9A1E7A4F7556}") = "DeepCore.SharpZipLib", "..\DeepCore\DeepCore.SharpZipLib\DeepCore.SharpZipLib.csproj", "{FB8262CC-7A58-42ED-B106-FC483A5C07CD}"
EndProject
Project("{2150E333-8FDC-42A3-9474-1A3956D46DE8}") = "DeepMMO", "DeepMMO", "{D37FC88E-7D6A-470E-B7AC-FFF8B6B8398A}"
EndProject
Project("{9A19103F-16F7-4668-BE54-9A1E7A4F7556}") = "DeepMMO", "..\DeepMMO\DeepMMO\DeepMMO.csproj", "{5E199FCB-DA96-4F18-8C7B-F124334A7322}"
EndProject
Project("{9A19103F-16F7-4668-BE54-9A1E7A4F7556}") = "DeepMMO.Client", "..\DeepMMO\DeepMMO.Client\DeepMMO.Client.csproj", "{5D299C52-7F3A-4B43-B624-728041707543}"
EndProject
Project("{FAE04EC0-301F-11D3-BF4B-00C04F79EFBC}") = "DeepMMO.Client.BotTest", "..\DeepMMO\DeepMMO.Client.BotTest\DeepMMO.Client.BotTest.csproj", "{D4B47FC6-A751-423B-BBC9-215ECED06342}"
EndProject
Project("{FAE04EC0-301F-11D3-BF4B-00C04F79EFBC}") = "DeepMMO.Client.Win32", "..\DeepMMO\DeepMMO.Client.Win32\DeepMMO.Client.Win32.csproj", "{432FAC96-898B-4AA9-BC11-796670F9A344}"
EndProject
Project("{9A19103F-16F7-4668-BE54-9A1E7A4F7556}") = "DeepMMO.Server", "..\DeepMMO\DeepMMO.Server\DeepMMO.Server.csproj", "{BB98DE04-9900-40BF-A751-BC24290138BD}"
EndProject
Project("{9A19103F-16F7-4668-BE54-9A1E7A4F7556}") = "DeepMMO.Server.Area", "..\DeepMMO\DeepMMO.Server.Area\DeepMMO.Server.Area.csproj", "{2F03353B-AF62-49B5-8346-15555129CCC5}"
EndProject
Project("{9A19103F-16F7-4668-BE54-9A1E7A4F7556}") = "DeepMMO.Server.AreaManager", "..\DeepMMO\DeepMMO.Server.AreaManager\DeepMMO.Server.AreaManager.csproj", "{16BE3F0A-A5AF-438C-BB7F-7E3ADBE498EB}"
EndProject
Project("{9A19103F-16F7-4668-BE54-9A1E7A4F7556}") = "DeepMMO.Server.Connector", "..\DeepMMO\DeepMMO.Server.Connector\DeepMMO.Server.Connector.csproj", "{995C053E-7C04-41AE-8C7E-F3A7BF96DC12}"
EndProject
Project("{9A19103F-16F7-4668-BE54-9A1E7A4F7556}") = "DeepMMO.Server.Gate", "..\DeepMMO\DeepMMO.Server.Gate\DeepMMO.Server.Gate.csproj", "{385F9366-402B-4F7F-969C-A628A5FA60C3}"
EndProject
Project("{9A19103F-16F7-4668-BE54-9A1E7A4F7556}") = "DeepMMO.Server.Logic", "..\DeepMMO\DeepMMO.Server.Logic\DeepMMO.Server.Logic.csproj", "{7CFC56FD-F4D4-4F5B-B80D-B50E0FFC0BA2}"
EndProject
Project("{2150E333-8FDC-42A3-9474-1A3956D46DE8}") = "DeepCrystal", "DeepCrystal", "{B78DF69C-6F96-4C90-AF2D-664E22B524DF}"
EndProject
Project("{9A19103F-16F7-4668-BE54-9A1E7A4F7556}") = "DeepCrystal", "..\DeepCrystal\DeepCrystal\DeepCrystal.csproj", "{CCD478DD-CFDD-4E52-8EC2-183B206D4FBA}"
EndProject
Project("{9A19103F-16F7-4668-BE54-9A1E7A4F7556}") = "DeepCrystal.RPC.Test", "..\DeepCrystal\DeepCrystal.RPC.Test\DeepCrystal.RPC.Test.csproj", "{D604ACBD-B350-4E69-A071-D7BAF8DF29C6}"
EndProject
Project("{9A19103F-16F7-4668-BE54-9A1E7A4F7556}") = "DeepCrystal.Server.SSocket", "..\DeepCrystal\DeepCrystal.Server.SSocket\DeepCrystal.Server.SSocket.csproj", "{F0C829E7-160B-4136-9BAB-A45D0B519104}"
EndProject
Project("{2150E333-8FDC-42A3-9474-1A3956D46DE8}") = "DeepEditor", "DeepEditor", "{78E86BD9-1102-4C2C-92F3-13049CA1CA5B}"
EndProject
Project("{FAE04EC0-301F-11D3-BF4B-00C04F79EFBC}") = "DeepEditor.Common", "..\DeepEditor\DeepEditor.Common\DeepEditor.Common.csproj", "{F3594E30-DA84-4538-BAA3-0959B86AA879}"
EndProject
Project("{FAE04EC0-301F-11D3-BF4B-00C04F79EFBC}") = "DeepEditor.Plugin", "..\DeepEditor\DeepEditor.Plugin\DeepEditor.Plugin.csproj", "{539FA0DE-4EF2-4035-832D-9E8614E92A48}"
EndProject
Project("{9A19103F-16F7-4668-BE54-9A1E7A4F7556}") = "DeepCore.GameEvent", "..\DeepCore\DeepCore.GameEvent\DeepCore.GameEvent.csproj", "{EFCC33E1-B5E7-443B-A5C0-05FF6E9469CE}"
EndProject
Project("{9A19103F-16F7-4668-BE54-9A1E7A4F7556}") = "DeepCore.GameEvent.Lua", "..\DeepCore\DeepCore.GameEvent.Lua\DeepCore.GameEvent.Lua.csproj", "{3B360D70-1A13-491F-84FF-8AEBE1CEBAE7}"
EndProject
Project("{9A19103F-16F7-4668-BE54-9A1E7A4F7556}") = "DeepMMO.Server.Test", "..\DeepMMO\DeepMMO.Server.Test\DeepMMO.Server.Test.csproj", "{EFC3E9A1-06B8-45E1-A23C-1172EC826273}"
EndProject
Project("{FAE04EC0-301F-11D3-BF4B-00C04F79EFBC}") = "DeepEditor.Plugin.Server", "..\DeepEditor\DeepEditor.Plugin.Server\DeepEditor.Plugin.Server.csproj", "{DC5B7F3A-AAF4-47F8-ABE5-820FB93016CC}"
EndProject
Project("{FAE04EC0-301F-11D3-BF4B-00C04F79EFBC}") = "DeepEditor.Plugin.ServerTest", "..\DeepEditor\DeepEditor.Plugin.ServerTest\DeepEditor.Plugin.ServerTest.csproj", "{D2A14196-3C00-4E3B-B716-FB168D32E343}"
EndProject
Project("{FAE04EC0-301F-11D3-BF4B-00C04F79EFBC}") = "DeepEditor.Plugin.Unity3D", "..\DeepEditor\DeepEditor.Plugin.Unity3D\DeepEditor.Plugin.Unity3D.csproj", "{95B8FD91-F539-4A88-9A19-4E7B8ECF2310}"
EndProject
Project("{FAE04EC0-301F-11D3-BF4B-00C04F79EFBC}") = "DeepEditor.Plugin.Unity3D.Ipc", "..\DeepEditor\DeepEditor.Plugin.Unity3D.Ipc\DeepEditor.Plugin.Unity3D.Ipc.csproj", "{9DABD5A2-DD99-4F5C-8E12-9E268C4F53EB}"
EndProject
Project("{2150E333-8FDC-42A3-9474-1A3956D46DE8}") = "DeepTools", "DeepTools", "{6D938301-0679-4ADA-91DB-8D3DCB67D175}"
EndProject
Project("{FAE04EC0-301F-11D3-BF4B-00C04F79EFBC}") = "DeepTools.CodeGen", "..\DeepTools\DeepTools.CodeGen\DeepTools.CodeGen.csproj", "{FAB314C1-525D-462B-82BE-560B6FA224C5}"
EndProject
Project("{FAE04EC0-301F-11D3-BF4B-00C04F79EFBC}") = "DeepTools.MPQ", "..\DeepTools\DeepTools.MPQ\DeepTools.MPQ.csproj", "{7214F82D-8FFE-4AA1-8EC2-6095E478D1E2}"
EndProject
Project("{FAE04EC0-301F-11D3-BF4B-00C04F79EFBC}") = "DeepTools.SvnCombiner", "..\DeepTools\DeepTools.SvnCombiner\DeepTools.SvnCombiner.csproj", "{4169D94C-5E90-46BB-8871-E1A945D8EE35}"
EndProject
Project("{FAE04EC0-301F-11D3-BF4B-00C04F79EFBC}") = "TestCDNBenchMark", "..\DeepTools\TestCDNBenchMark\TestCDNBenchMark.csproj", "{6C070C9C-7328-460D-909F-D91B18523B74}"
EndProject
Project("{FAE04EC0-301F-11D3-BF4B-00C04F79EFBC}") = "TestCommon", "..\DeepTools\TestCommon\TestCommon.csproj", "{7C93F86B-B5D1-48AA-A226-7EA81FBD9FAB}"
EndProject
Project("{FAE04EC0-301F-11D3-BF4B-00C04F79EFBC}") = "TestForms", "..\DeepTools\TestForms\TestForms.csproj", "{F55B6D7C-DDB3-4958-A4E5-49FC160AC3A6}"
EndProject
Project("{FAE04EC0-301F-11D3-BF4B-00C04F79EFBC}") = "TestCommonFileSystem", "..\DeepTools\TestMPQ\TestCommonFileSystem.csproj", "{22C9D464-E7A1-45E6-A106-447668B6357B}"
EndProject
Project("{2150E333-8FDC-42A3-9474-1A3956D46DE8}") = "DeepEditorMain", "DeepEditorMain", "{D2706832-CE4B-441D-B799-A284B8322FAA}"
EndProject
Project("{FAE04EC0-301F-11D3-BF4B-00C04F79EFBC}") = "DeepEditor.Main", "..\DeepEditorMain\DeepEditor.Main\DeepEditor.Main.csproj", "{3AEDCC34-FBCE-4955-A329-F5A832F292E6}"
EndProject
Project("{FAE04EC0-301F-11D3-BF4B-00C04F79EFBC}") = "DeepEditor.Plugin.Replay", "..\DeepEditor\DeepEditor.Plugin.Replay\DeepEditor.Plugin.Replay.csproj", "{72E1E166-749E-4383-BAC7-B0A81F54F352}"
EndProject
Project("{FAE04EC0-301F-11D3-BF4B-00C04F79EFBC}") = "DeepCore.Unity3D", "..\DeepCore\DeepCore.Unity3D\DeepCore.Unity3D.csproj", "{EE96B1B3-C4CC-4D58-B19A-B4FF850240B4}"
EndProject
Project("{FAE04EC0-301F-11D3-BF4B-00C04F79EFBC}") = "DeepCore.Unity3D.Editor", "..\DeepCore\DeepCore.Unity3D.Editor\DeepCore.Unity3D.Editor.csproj", "{0DEFA6B6-6F7C-49FF-B763-9CB586E535C2}"
EndProject
Project("{9A19103F-16F7-4668-BE54-9A1E7A4F7556}") = "DeepCrystal.Redis", "..\DeepCrystal\DeepCrystal.Redis\DeepCrystal.Redis.csproj", "{D480B832-3A9C-44FA-8EEB-72C60339A03E}"
EndProject
Project("{FAE04EC0-301F-11D3-BF4B-00C04F79EFBC}") = "DeepTools.GUI", "..\DeepTools\DeepTools.GUI\DeepTools.GUI.csproj", "{969AEE6A-2410-4621-A57A-129C7A2D466C}"
EndProject
Project("{2150E333-8FDC-42A3-9474-1A3956D46DE8}") = "Library", "Library", "{F2758F3B-80E2-4C81-BF40-C0B702C174A7}"
EndProject
Project("{9A19103F-16F7-4668-BE54-9A1E7A4F7556}") = "SuperSocket.Common", "..\DeepCrystal\Library\SuperSocket.NetStandard\SuperSocket.Common\SuperSocket.Common.csproj", "{D4322705-0FBD-4788-B9D6-80F271EBB907}"
EndProject
Project("{9A19103F-16F7-4668-BE54-9A1E7A4F7556}") = "SuperSocket.Facility", "..\DeepCrystal\Library\SuperSocket.NetStandard\SuperSocket.Facility\SuperSocket.Facility.csproj", "{9E417A13-1C67-4508-AA45-F1F7FD34E221}"
EndProject
Project("{9A19103F-16F7-4668-BE54-9A1E7A4F7556}") = "SuperSocket.SocketBase", "..\DeepCrystal\Library\SuperSocket.NetStandard\SuperSocket.SocketBase\SuperSocket.SocketBase.csproj", "{0E0CD5A9-AE33-48C4-BE21-D5EEE06BC9F4}"
EndProject
Project("{9A19103F-16F7-4668-BE54-9A1E7A4F7556}") = "SuperSocket.SocketEngine", "..\DeepCrystal\Library\SuperSocket.NetStandard\SuperSocket.SocketEngine\SuperSocket.SocketEngine.csproj", "{D304EC37-0676-445D-B5B0-CC296E268628}"
EndProject
Project("{FAE04EC0-301F-11D3-BF4B-00C04F79EFBC}") = "DeepTools.XLS2Lang", "..\DeepTools\DeepTools.XLS2Lang\DeepTools.XLS2Lang.csproj", "{8EA14586-26DF-40AE-B7A3-1C575004CEC8}"
EndProject
Project("{9A19103F-16F7-4668-BE54-9A1E7A4F7556}") = "DeepCore.Template.MoonSharp", "..\DeepCore\DeepCore.Template.MoonSharp\DeepCore.Template.MoonSharp.csproj", "{48441CCA-3528-4B1B-A7F1-5A55B1895663}"
EndProject
Project("{2150E333-8FDC-42A3-9474-1A3956D46DE8}") = "DeepSamples", "DeepSamples", "{B70A0164-F71E-4B80-A9FA-E42373FB594E}"
EndProject
Project("{FAE04EC0-301F-11D3-BF4B-00C04F79EFBC}") = "SampleBattle", "Samples\SampleCommon\SampleBattle\SampleBattle.csproj", "{69A0EE45-348F-4668-A2C8-9E4604D64D13}"
EndProject
Project("{FAE04EC0-301F-11D3-BF4B-00C04F79EFBC}") = "SampleRPG", "Samples\SampleCommon\SampleRPG\SampleRPG.csproj", "{E052B11C-D62F-4EF5-8A26-1031E68C95A9}"
EndProject
Project("{FAE04EC0-301F-11D3-BF4B-00C04F79EFBC}") = "SampleRPG.Client", "Samples\SampleCommon\SampleRPG.Client\SampleRPG.Client.csproj", "{70509CE9-6E4A-4C22-B18E-3491AEB0BEBB}"
EndProject
Project("{FAE04EC0-301F-11D3-BF4B-00C04F79EFBC}") = "SampleRPG.Server", "Samples\SampleCommon\SampleRPG.Server\SampleRPG.Server.csproj", "{411E0678-42AD-4074-AAC8-8C5AE2FD6468}"
EndProject
Project("{FAE04EC0-301F-11D3-BF4B-00C04F79EFBC}") = "SampleRPG.Test", "Samples\SampleCommon\SampleRPG.Test\SampleRPG.Test.csproj", "{A74FF875-E06F-4759-9A8B-88ADC4A540F2}"
EndProject
Global
	GlobalSection(SolutionConfigurationPlatforms) = preSolution
		Debug|Any CPU = Debug|Any CPU
		Debug|x86 = Debug|x86
		Release|Any CPU = Release|Any CPU
		Release|x86 = Release|x86
	EndGlobalSection
	GlobalSection(ProjectConfigurationPlatforms) = postSolution
		{0951676D-0FB3-4E35-B9D2-ED28EA141ADA}.Debug|Any CPU.ActiveCfg = Debug|Any CPU
		{0951676D-0FB3-4E35-B9D2-ED28EA141ADA}.Debug|Any CPU.Build.0 = Debug|Any CPU
		{0951676D-0FB3-4E35-B9D2-ED28EA141ADA}.Debug|x86.ActiveCfg = Debug|Any CPU
		{0951676D-0FB3-4E35-B9D2-ED28EA141ADA}.Debug|x86.Build.0 = Debug|Any CPU
		{0951676D-0FB3-4E35-B9D2-ED28EA141ADA}.Release|Any CPU.ActiveCfg = Release|Any CPU
		{0951676D-0FB3-4E35-B9D2-ED28EA141ADA}.Release|Any CPU.Build.0 = Release|Any CPU
		{0951676D-0FB3-4E35-B9D2-ED28EA141ADA}.Release|x86.ActiveCfg = Release|Any CPU
		{0951676D-0FB3-4E35-B9D2-ED28EA141ADA}.Release|x86.Build.0 = Release|Any CPU
		{3B82EF9E-967F-447E-B243-0274755BB7B8}.Debug|Any CPU.ActiveCfg = Debug|Any CPU
		{3B82EF9E-967F-447E-B243-0274755BB7B8}.Debug|Any CPU.Build.0 = Debug|Any CPU
		{3B82EF9E-967F-447E-B243-0274755BB7B8}.Debug|x86.ActiveCfg = Debug|Any CPU
		{3B82EF9E-967F-447E-B243-0274755BB7B8}.Debug|x86.Build.0 = Debug|Any CPU
		{3B82EF9E-967F-447E-B243-0274755BB7B8}.Release|Any CPU.ActiveCfg = Release|Any CPU
		{3B82EF9E-967F-447E-B243-0274755BB7B8}.Release|Any CPU.Build.0 = Release|Any CPU
		{3B82EF9E-967F-447E-B243-0274755BB7B8}.Release|x86.ActiveCfg = Release|Any CPU
		{3B82EF9E-967F-447E-B243-0274755BB7B8}.Release|x86.Build.0 = Release|Any CPU
		{0328D4F1-7A02-4897-9E3F-353B7597A4EC}.Debug|Any CPU.ActiveCfg = Debug|Any CPU
		{0328D4F1-7A02-4897-9E3F-353B7597A4EC}.Debug|Any CPU.Build.0 = Debug|Any CPU
		{0328D4F1-7A02-4897-9E3F-353B7597A4EC}.Debug|x86.ActiveCfg = Debug|Any CPU
		{0328D4F1-7A02-4897-9E3F-353B7597A4EC}.Debug|x86.Build.0 = Debug|Any CPU
		{0328D4F1-7A02-4897-9E3F-353B7597A4EC}.Release|Any CPU.ActiveCfg = Release|Any CPU
		{0328D4F1-7A02-4897-9E3F-353B7597A4EC}.Release|Any CPU.Build.0 = Release|Any CPU
		{0328D4F1-7A02-4897-9E3F-353B7597A4EC}.Release|x86.ActiveCfg = Release|Any CPU
		{0328D4F1-7A02-4897-9E3F-353B7597A4EC}.Release|x86.Build.0 = Release|Any CPU
		{E4D44380-972C-4E6C-919E-3FAD1F71977F}.Debug|Any CPU.ActiveCfg = Debug|Any CPU
		{E4D44380-972C-4E6C-919E-3FAD1F71977F}.Debug|Any CPU.Build.0 = Debug|Any CPU
		{E4D44380-972C-4E6C-919E-3FAD1F71977F}.Debug|x86.ActiveCfg = Debug|Any CPU
		{E4D44380-972C-4E6C-919E-3FAD1F71977F}.Debug|x86.Build.0 = Debug|Any CPU
		{E4D44380-972C-4E6C-919E-3FAD1F71977F}.Release|Any CPU.ActiveCfg = Release|Any CPU
		{E4D44380-972C-4E6C-919E-3FAD1F71977F}.Release|Any CPU.Build.0 = Release|Any CPU
		{E4D44380-972C-4E6C-919E-3FAD1F71977F}.Release|x86.ActiveCfg = Release|Any CPU
		{E4D44380-972C-4E6C-919E-3FAD1F71977F}.Release|x86.Build.0 = Release|Any CPU
		{46293AEA-1EDA-42E7-AD4F-52B5E7641261}.Debug|Any CPU.ActiveCfg = Debug|Any CPU
		{46293AEA-1EDA-42E7-AD4F-52B5E7641261}.Debug|Any CPU.Build.0 = Debug|Any CPU
		{46293AEA-1EDA-42E7-AD4F-52B5E7641261}.Debug|x86.ActiveCfg = Debug|Any CPU
		{46293AEA-1EDA-42E7-AD4F-52B5E7641261}.Debug|x86.Build.0 = Debug|Any CPU
		{46293AEA-1EDA-42E7-AD4F-52B5E7641261}.Release|Any CPU.ActiveCfg = Release|Any CPU
		{46293AEA-1EDA-42E7-AD4F-52B5E7641261}.Release|Any CPU.Build.0 = Release|Any CPU
		{46293AEA-1EDA-42E7-AD4F-52B5E7641261}.Release|x86.ActiveCfg = Release|Any CPU
		{46293AEA-1EDA-42E7-AD4F-52B5E7641261}.Release|x86.Build.0 = Release|Any CPU
		{85137B17-8021-4AB9-AEDB-D5B30E0D3F24}.Debug|Any CPU.ActiveCfg = Debug|Any CPU
		{85137B17-8021-4AB9-AEDB-D5B30E0D3F24}.Debug|Any CPU.Build.0 = Debug|Any CPU
		{85137B17-8021-4AB9-AEDB-D5B30E0D3F24}.Debug|x86.ActiveCfg = Debug|Any CPU
		{85137B17-8021-4AB9-AEDB-D5B30E0D3F24}.Debug|x86.Build.0 = Debug|Any CPU
		{85137B17-8021-4AB9-AEDB-D5B30E0D3F24}.Release|Any CPU.ActiveCfg = Release|Any CPU
		{85137B17-8021-4AB9-AEDB-D5B30E0D3F24}.Release|Any CPU.Build.0 = Release|Any CPU
		{85137B17-8021-4AB9-AEDB-D5B30E0D3F24}.Release|x86.ActiveCfg = Release|Any CPU
		{85137B17-8021-4AB9-AEDB-D5B30E0D3F24}.Release|x86.Build.0 = Release|Any CPU
		{CB3288A6-E04F-47A7-BFBA-A5D5163541BA}.Debug|Any CPU.ActiveCfg = Debug|Any CPU
		{CB3288A6-E04F-47A7-BFBA-A5D5163541BA}.Debug|Any CPU.Build.0 = Debug|Any CPU
		{CB3288A6-E04F-47A7-BFBA-A5D5163541BA}.Debug|x86.ActiveCfg = Debug|Any CPU
		{CB3288A6-E04F-47A7-BFBA-A5D5163541BA}.Debug|x86.Build.0 = Debug|Any CPU
		{CB3288A6-E04F-47A7-BFBA-A5D5163541BA}.Release|Any CPU.ActiveCfg = Release|Any CPU
		{CB3288A6-E04F-47A7-BFBA-A5D5163541BA}.Release|Any CPU.Build.0 = Release|Any CPU
		{CB3288A6-E04F-47A7-BFBA-A5D5163541BA}.Release|x86.ActiveCfg = Release|Any CPU
		{CB3288A6-E04F-47A7-BFBA-A5D5163541BA}.Release|x86.Build.0 = Release|Any CPU
		{FB8262CC-7A58-42ED-B106-FC483A5C07CD}.Debug|Any CPU.ActiveCfg = Debug|Any CPU
		{FB8262CC-7A58-42ED-B106-FC483A5C07CD}.Debug|Any CPU.Build.0 = Debug|Any CPU
		{FB8262CC-7A58-42ED-B106-FC483A5C07CD}.Debug|x86.ActiveCfg = Debug|Any CPU
		{FB8262CC-7A58-42ED-B106-FC483A5C07CD}.Debug|x86.Build.0 = Debug|Any CPU
		{FB8262CC-7A58-42ED-B106-FC483A5C07CD}.Release|Any CPU.ActiveCfg = Release|Any CPU
		{FB8262CC-7A58-42ED-B106-FC483A5C07CD}.Release|Any CPU.Build.0 = Release|Any CPU
		{FB8262CC-7A58-42ED-B106-FC483A5C07CD}.Release|x86.ActiveCfg = Release|Any CPU
		{FB8262CC-7A58-42ED-B106-FC483A5C07CD}.Release|x86.Build.0 = Release|Any CPU
		{5E199FCB-DA96-4F18-8C7B-F124334A7322}.Debug|Any CPU.ActiveCfg = Debug|Any CPU
		{5E199FCB-DA96-4F18-8C7B-F124334A7322}.Debug|Any CPU.Build.0 = Debug|Any CPU
		{5E199FCB-DA96-4F18-8C7B-F124334A7322}.Debug|x86.ActiveCfg = Debug|Any CPU
		{5E199FCB-DA96-4F18-8C7B-F124334A7322}.Debug|x86.Build.0 = Debug|Any CPU
		{5E199FCB-DA96-4F18-8C7B-F124334A7322}.Release|Any CPU.ActiveCfg = Release|Any CPU
		{5E199FCB-DA96-4F18-8C7B-F124334A7322}.Release|Any CPU.Build.0 = Release|Any CPU
		{5E199FCB-DA96-4F18-8C7B-F124334A7322}.Release|x86.ActiveCfg = Release|Any CPU
		{5E199FCB-DA96-4F18-8C7B-F124334A7322}.Release|x86.Build.0 = Release|Any CPU
		{5D299C52-7F3A-4B43-B624-728041707543}.Debug|Any CPU.ActiveCfg = Debug|Any CPU
		{5D299C52-7F3A-4B43-B624-728041707543}.Debug|Any CPU.Build.0 = Debug|Any CPU
		{5D299C52-7F3A-4B43-B624-728041707543}.Debug|x86.ActiveCfg = Debug|Any CPU
		{5D299C52-7F3A-4B43-B624-728041707543}.Debug|x86.Build.0 = Debug|Any CPU
		{5D299C52-7F3A-4B43-B624-728041707543}.Release|Any CPU.ActiveCfg = Release|Any CPU
		{5D299C52-7F3A-4B43-B624-728041707543}.Release|Any CPU.Build.0 = Release|Any CPU
		{5D299C52-7F3A-4B43-B624-728041707543}.Release|x86.ActiveCfg = Release|Any CPU
		{5D299C52-7F3A-4B43-B624-728041707543}.Release|x86.Build.0 = Release|Any CPU
		{D4B47FC6-A751-423B-BBC9-215ECED06342}.Debug|Any CPU.ActiveCfg = Debug|Any CPU
		{D4B47FC6-A751-423B-BBC9-215ECED06342}.Debug|Any CPU.Build.0 = Debug|Any CPU
		{D4B47FC6-A751-423B-BBC9-215ECED06342}.Debug|x86.ActiveCfg = Debug|Any CPU
		{D4B47FC6-A751-423B-BBC9-215ECED06342}.Debug|x86.Build.0 = Debug|Any CPU
		{D4B47FC6-A751-423B-BBC9-215ECED06342}.Release|Any CPU.ActiveCfg = Release|Any CPU
		{D4B47FC6-A751-423B-BBC9-215ECED06342}.Release|Any CPU.Build.0 = Release|Any CPU
		{D4B47FC6-A751-423B-BBC9-215ECED06342}.Release|x86.ActiveCfg = Release|Any CPU
		{D4B47FC6-A751-423B-BBC9-215ECED06342}.Release|x86.Build.0 = Release|Any CPU
		{432FAC96-898B-4AA9-BC11-796670F9A344}.Debug|Any CPU.ActiveCfg = Debug|Any CPU
		{432FAC96-898B-4AA9-BC11-796670F9A344}.Debug|Any CPU.Build.0 = Debug|Any CPU
		{432FAC96-898B-4AA9-BC11-796670F9A344}.Debug|x86.ActiveCfg = Debug|Any CPU
		{432FAC96-898B-4AA9-BC11-796670F9A344}.Debug|x86.Build.0 = Debug|Any CPU
		{432FAC96-898B-4AA9-BC11-796670F9A344}.Release|Any CPU.ActiveCfg = Release|Any CPU
		{432FAC96-898B-4AA9-BC11-796670F9A344}.Release|Any CPU.Build.0 = Release|Any CPU
		{432FAC96-898B-4AA9-BC11-796670F9A344}.Release|x86.ActiveCfg = Release|Any CPU
		{432FAC96-898B-4AA9-BC11-796670F9A344}.Release|x86.Build.0 = Release|Any CPU
		{BB98DE04-9900-40BF-A751-BC24290138BD}.Debug|Any CPU.ActiveCfg = Debug|Any CPU
		{BB98DE04-9900-40BF-A751-BC24290138BD}.Debug|Any CPU.Build.0 = Debug|Any CPU
		{BB98DE04-9900-40BF-A751-BC24290138BD}.Debug|x86.ActiveCfg = Debug|Any CPU
		{BB98DE04-9900-40BF-A751-BC24290138BD}.Debug|x86.Build.0 = Debug|Any CPU
		{BB98DE04-9900-40BF-A751-BC24290138BD}.Release|Any CPU.ActiveCfg = Release|Any CPU
		{BB98DE04-9900-40BF-A751-BC24290138BD}.Release|Any CPU.Build.0 = Release|Any CPU
		{BB98DE04-9900-40BF-A751-BC24290138BD}.Release|x86.ActiveCfg = Release|Any CPU
		{BB98DE04-9900-40BF-A751-BC24290138BD}.Release|x86.Build.0 = Release|Any CPU
		{2F03353B-AF62-49B5-8346-15555129CCC5}.Debug|Any CPU.ActiveCfg = Debug|Any CPU
		{2F03353B-AF62-49B5-8346-15555129CCC5}.Debug|Any CPU.Build.0 = Debug|Any CPU
		{2F03353B-AF62-49B5-8346-15555129CCC5}.Debug|x86.ActiveCfg = Debug|Any CPU
		{2F03353B-AF62-49B5-8346-15555129CCC5}.Debug|x86.Build.0 = Debug|Any CPU
		{2F03353B-AF62-49B5-8346-15555129CCC5}.Release|Any CPU.ActiveCfg = Release|Any CPU
		{2F03353B-AF62-49B5-8346-15555129CCC5}.Release|Any CPU.Build.0 = Release|Any CPU
		{2F03353B-AF62-49B5-8346-15555129CCC5}.Release|x86.ActiveCfg = Release|Any CPU
		{2F03353B-AF62-49B5-8346-15555129CCC5}.Release|x86.Build.0 = Release|Any CPU
		{16BE3F0A-A5AF-438C-BB7F-7E3ADBE498EB}.Debug|Any CPU.ActiveCfg = Debug|Any CPU
		{16BE3F0A-A5AF-438C-BB7F-7E3ADBE498EB}.Debug|Any CPU.Build.0 = Debug|Any CPU
		{16BE3F0A-A5AF-438C-BB7F-7E3ADBE498EB}.Debug|x86.ActiveCfg = Debug|Any CPU
		{16BE3F0A-A5AF-438C-BB7F-7E3ADBE498EB}.Debug|x86.Build.0 = Debug|Any CPU
		{16BE3F0A-A5AF-438C-BB7F-7E3ADBE498EB}.Release|Any CPU.ActiveCfg = Release|Any CPU
		{16BE3F0A-A5AF-438C-BB7F-7E3ADBE498EB}.Release|Any CPU.Build.0 = Release|Any CPU
		{16BE3F0A-A5AF-438C-BB7F-7E3ADBE498EB}.Release|x86.ActiveCfg = Release|Any CPU
		{16BE3F0A-A5AF-438C-BB7F-7E3ADBE498EB}.Release|x86.Build.0 = Release|Any CPU
		{995C053E-7C04-41AE-8C7E-F3A7BF96DC12}.Debug|Any CPU.ActiveCfg = Debug|Any CPU
		{995C053E-7C04-41AE-8C7E-F3A7BF96DC12}.Debug|Any CPU.Build.0 = Debug|Any CPU
		{995C053E-7C04-41AE-8C7E-F3A7BF96DC12}.Debug|x86.ActiveCfg = Debug|Any CPU
		{995C053E-7C04-41AE-8C7E-F3A7BF96DC12}.Debug|x86.Build.0 = Debug|Any CPU
		{995C053E-7C04-41AE-8C7E-F3A7BF96DC12}.Release|Any CPU.ActiveCfg = Release|Any CPU
		{995C053E-7C04-41AE-8C7E-F3A7BF96DC12}.Release|Any CPU.Build.0 = Release|Any CPU
		{995C053E-7C04-41AE-8C7E-F3A7BF96DC12}.Release|x86.ActiveCfg = Release|Any CPU
		{995C053E-7C04-41AE-8C7E-F3A7BF96DC12}.Release|x86.Build.0 = Release|Any CPU
		{385F9366-402B-4F7F-969C-A628A5FA60C3}.Debug|Any CPU.ActiveCfg = Debug|Any CPU
		{385F9366-402B-4F7F-969C-A628A5FA60C3}.Debug|Any CPU.Build.0 = Debug|Any CPU
		{385F9366-402B-4F7F-969C-A628A5FA60C3}.Debug|x86.ActiveCfg = Debug|Any CPU
		{385F9366-402B-4F7F-969C-A628A5FA60C3}.Debug|x86.Build.0 = Debug|Any CPU
		{385F9366-402B-4F7F-969C-A628A5FA60C3}.Release|Any CPU.ActiveCfg = Release|Any CPU
		{385F9366-402B-4F7F-969C-A628A5FA60C3}.Release|Any CPU.Build.0 = Release|Any CPU
		{385F9366-402B-4F7F-969C-A628A5FA60C3}.Release|x86.ActiveCfg = Release|Any CPU
		{385F9366-402B-4F7F-969C-A628A5FA60C3}.Release|x86.Build.0 = Release|Any CPU
		{7CFC56FD-F4D4-4F5B-B80D-B50E0FFC0BA2}.Debug|Any CPU.ActiveCfg = Debug|Any CPU
		{7CFC56FD-F4D4-4F5B-B80D-B50E0FFC0BA2}.Debug|Any CPU.Build.0 = Debug|Any CPU
		{7CFC56FD-F4D4-4F5B-B80D-B50E0FFC0BA2}.Debug|x86.ActiveCfg = Debug|Any CPU
		{7CFC56FD-F4D4-4F5B-B80D-B50E0FFC0BA2}.Debug|x86.Build.0 = Debug|Any CPU
		{7CFC56FD-F4D4-4F5B-B80D-B50E0FFC0BA2}.Release|Any CPU.ActiveCfg = Release|Any CPU
		{7CFC56FD-F4D4-4F5B-B80D-B50E0FFC0BA2}.Release|Any CPU.Build.0 = Release|Any CPU
		{7CFC56FD-F4D4-4F5B-B80D-B50E0FFC0BA2}.Release|x86.ActiveCfg = Release|Any CPU
		{7CFC56FD-F4D4-4F5B-B80D-B50E0FFC0BA2}.Release|x86.Build.0 = Release|Any CPU
		{CCD478DD-CFDD-4E52-8EC2-183B206D4FBA}.Debug|Any CPU.ActiveCfg = Debug|Any CPU
		{CCD478DD-CFDD-4E52-8EC2-183B206D4FBA}.Debug|Any CPU.Build.0 = Debug|Any CPU
		{CCD478DD-CFDD-4E52-8EC2-183B206D4FBA}.Debug|x86.ActiveCfg = Debug|Any CPU
		{CCD478DD-CFDD-4E52-8EC2-183B206D4FBA}.Debug|x86.Build.0 = Debug|Any CPU
		{CCD478DD-CFDD-4E52-8EC2-183B206D4FBA}.Release|Any CPU.ActiveCfg = Release|Any CPU
		{CCD478DD-CFDD-4E52-8EC2-183B206D4FBA}.Release|Any CPU.Build.0 = Release|Any CPU
		{CCD478DD-CFDD-4E52-8EC2-183B206D4FBA}.Release|x86.ActiveCfg = Release|Any CPU
		{CCD478DD-CFDD-4E52-8EC2-183B206D4FBA}.Release|x86.Build.0 = Release|Any CPU
		{D604ACBD-B350-4E69-A071-D7BAF8DF29C6}.Debug|Any CPU.ActiveCfg = Debug|Any CPU
		{D604ACBD-B350-4E69-A071-D7BAF8DF29C6}.Debug|Any CPU.Build.0 = Debug|Any CPU
		{D604ACBD-B350-4E69-A071-D7BAF8DF29C6}.Debug|x86.ActiveCfg = Debug|Any CPU
		{D604ACBD-B350-4E69-A071-D7BAF8DF29C6}.Debug|x86.Build.0 = Debug|Any CPU
		{D604ACBD-B350-4E69-A071-D7BAF8DF29C6}.Release|Any CPU.ActiveCfg = Release|Any CPU
		{D604ACBD-B350-4E69-A071-D7BAF8DF29C6}.Release|Any CPU.Build.0 = Release|Any CPU
		{D604ACBD-B350-4E69-A071-D7BAF8DF29C6}.Release|x86.ActiveCfg = Release|Any CPU
		{D604ACBD-B350-4E69-A071-D7BAF8DF29C6}.Release|x86.Build.0 = Release|Any CPU
		{F0C829E7-160B-4136-9BAB-A45D0B519104}.Debug|Any CPU.ActiveCfg = Debug|Any CPU
		{F0C829E7-160B-4136-9BAB-A45D0B519104}.Debug|Any CPU.Build.0 = Debug|Any CPU
		{F0C829E7-160B-4136-9BAB-A45D0B519104}.Debug|x86.ActiveCfg = Debug|Any CPU
		{F0C829E7-160B-4136-9BAB-A45D0B519104}.Debug|x86.Build.0 = Debug|Any CPU
		{F0C829E7-160B-4136-9BAB-A45D0B519104}.Release|Any CPU.ActiveCfg = Release|Any CPU
		{F0C829E7-160B-4136-9BAB-A45D0B519104}.Release|Any CPU.Build.0 = Release|Any CPU
		{F0C829E7-160B-4136-9BAB-A45D0B519104}.Release|x86.ActiveCfg = Release|Any CPU
		{F0C829E7-160B-4136-9BAB-A45D0B519104}.Release|x86.Build.0 = Release|Any CPU
		{F3594E30-DA84-4538-BAA3-0959B86AA879}.Debug|Any CPU.ActiveCfg = Debug|Any CPU
		{F3594E30-DA84-4538-BAA3-0959B86AA879}.Debug|Any CPU.Build.0 = Debug|Any CPU
		{F3594E30-DA84-4538-BAA3-0959B86AA879}.Debug|x86.ActiveCfg = Debug|Any CPU
		{F3594E30-DA84-4538-BAA3-0959B86AA879}.Debug|x86.Build.0 = Debug|Any CPU
		{F3594E30-DA84-4538-BAA3-0959B86AA879}.Release|Any CPU.ActiveCfg = Release|Any CPU
		{F3594E30-DA84-4538-BAA3-0959B86AA879}.Release|Any CPU.Build.0 = Release|Any CPU
		{F3594E30-DA84-4538-BAA3-0959B86AA879}.Release|x86.ActiveCfg = Release|Any CPU
		{F3594E30-DA84-4538-BAA3-0959B86AA879}.Release|x86.Build.0 = Release|Any CPU
		{539FA0DE-4EF2-4035-832D-9E8614E92A48}.Debug|Any CPU.ActiveCfg = Debug|Any CPU
		{539FA0DE-4EF2-4035-832D-9E8614E92A48}.Debug|Any CPU.Build.0 = Debug|Any CPU
		{539FA0DE-4EF2-4035-832D-9E8614E92A48}.Debug|x86.ActiveCfg = Debug|Any CPU
		{539FA0DE-4EF2-4035-832D-9E8614E92A48}.Debug|x86.Build.0 = Debug|Any CPU
		{539FA0DE-4EF2-4035-832D-9E8614E92A48}.Release|Any CPU.ActiveCfg = Release|Any CPU
		{539FA0DE-4EF2-4035-832D-9E8614E92A48}.Release|Any CPU.Build.0 = Release|Any CPU
		{539FA0DE-4EF2-4035-832D-9E8614E92A48}.Release|x86.ActiveCfg = Release|Any CPU
		{539FA0DE-4EF2-4035-832D-9E8614E92A48}.Release|x86.Build.0 = Release|Any CPU
		{EFCC33E1-B5E7-443B-A5C0-05FF6E9469CE}.Debug|Any CPU.ActiveCfg = Debug|Any CPU
		{EFCC33E1-B5E7-443B-A5C0-05FF6E9469CE}.Debug|Any CPU.Build.0 = Debug|Any CPU
		{EFCC33E1-B5E7-443B-A5C0-05FF6E9469CE}.Debug|x86.ActiveCfg = Debug|Any CPU
		{EFCC33E1-B5E7-443B-A5C0-05FF6E9469CE}.Debug|x86.Build.0 = Debug|Any CPU
		{EFCC33E1-B5E7-443B-A5C0-05FF6E9469CE}.Release|Any CPU.ActiveCfg = Release|Any CPU
		{EFCC33E1-B5E7-443B-A5C0-05FF6E9469CE}.Release|Any CPU.Build.0 = Release|Any CPU
		{EFCC33E1-B5E7-443B-A5C0-05FF6E9469CE}.Release|x86.ActiveCfg = Release|Any CPU
		{EFCC33E1-B5E7-443B-A5C0-05FF6E9469CE}.Release|x86.Build.0 = Release|Any CPU
		{3B360D70-1A13-491F-84FF-8AEBE1CEBAE7}.Debug|Any CPU.ActiveCfg = Debug|Any CPU
		{3B360D70-1A13-491F-84FF-8AEBE1CEBAE7}.Debug|Any CPU.Build.0 = Debug|Any CPU
		{3B360D70-1A13-491F-84FF-8AEBE1CEBAE7}.Debug|x86.ActiveCfg = Debug|Any CPU
		{3B360D70-1A13-491F-84FF-8AEBE1CEBAE7}.Debug|x86.Build.0 = Debug|Any CPU
		{3B360D70-1A13-491F-84FF-8AEBE1CEBAE7}.Release|Any CPU.ActiveCfg = Release|Any CPU
		{3B360D70-1A13-491F-84FF-8AEBE1CEBAE7}.Release|Any CPU.Build.0 = Release|Any CPU
		{3B360D70-1A13-491F-84FF-8AEBE1CEBAE7}.Release|x86.ActiveCfg = Release|Any CPU
		{3B360D70-1A13-491F-84FF-8AEBE1CEBAE7}.Release|x86.Build.0 = Release|Any CPU
		{EFC3E9A1-06B8-45E1-A23C-1172EC826273}.Debug|Any CPU.ActiveCfg = Debug|Any CPU
		{EFC3E9A1-06B8-45E1-A23C-1172EC826273}.Debug|Any CPU.Build.0 = Debug|Any CPU
		{EFC3E9A1-06B8-45E1-A23C-1172EC826273}.Debug|x86.ActiveCfg = Debug|Any CPU
		{EFC3E9A1-06B8-45E1-A23C-1172EC826273}.Debug|x86.Build.0 = Debug|Any CPU
		{EFC3E9A1-06B8-45E1-A23C-1172EC826273}.Release|Any CPU.ActiveCfg = Release|Any CPU
		{EFC3E9A1-06B8-45E1-A23C-1172EC826273}.Release|Any CPU.Build.0 = Release|Any CPU
		{EFC3E9A1-06B8-45E1-A23C-1172EC826273}.Release|x86.ActiveCfg = Release|Any CPU
		{EFC3E9A1-06B8-45E1-A23C-1172EC826273}.Release|x86.Build.0 = Release|Any CPU
		{DC5B7F3A-AAF4-47F8-ABE5-820FB93016CC}.Debug|Any CPU.ActiveCfg = Debug|Any CPU
		{DC5B7F3A-AAF4-47F8-ABE5-820FB93016CC}.Debug|Any CPU.Build.0 = Debug|Any CPU
		{DC5B7F3A-AAF4-47F8-ABE5-820FB93016CC}.Debug|x86.ActiveCfg = Debug|Any CPU
		{DC5B7F3A-AAF4-47F8-ABE5-820FB93016CC}.Debug|x86.Build.0 = Debug|Any CPU
		{DC5B7F3A-AAF4-47F8-ABE5-820FB93016CC}.Release|Any CPU.ActiveCfg = Release|Any CPU
		{DC5B7F3A-AAF4-47F8-ABE5-820FB93016CC}.Release|Any CPU.Build.0 = Release|Any CPU
		{DC5B7F3A-AAF4-47F8-ABE5-820FB93016CC}.Release|x86.ActiveCfg = Release|Any CPU
		{DC5B7F3A-AAF4-47F8-ABE5-820FB93016CC}.Release|x86.Build.0 = Release|Any CPU
		{D2A14196-3C00-4E3B-B716-FB168D32E343}.Debug|Any CPU.ActiveCfg = Debug|Any CPU
		{D2A14196-3C00-4E3B-B716-FB168D32E343}.Debug|Any CPU.Build.0 = Debug|Any CPU
		{D2A14196-3C00-4E3B-B716-FB168D32E343}.Debug|x86.ActiveCfg = Debug|Any CPU
		{D2A14196-3C00-4E3B-B716-FB168D32E343}.Debug|x86.Build.0 = Debug|Any CPU
		{D2A14196-3C00-4E3B-B716-FB168D32E343}.Release|Any CPU.ActiveCfg = Release|Any CPU
		{D2A14196-3C00-4E3B-B716-FB168D32E343}.Release|Any CPU.Build.0 = Release|Any CPU
		{D2A14196-3C00-4E3B-B716-FB168D32E343}.Release|x86.ActiveCfg = Release|Any CPU
		{D2A14196-3C00-4E3B-B716-FB168D32E343}.Release|x86.Build.0 = Release|Any CPU
		{95B8FD91-F539-4A88-9A19-4E7B8ECF2310}.Debug|Any CPU.ActiveCfg = Debug|Any CPU
		{95B8FD91-F539-4A88-9A19-4E7B8ECF2310}.Debug|Any CPU.Build.0 = Debug|Any CPU
		{95B8FD91-F539-4A88-9A19-4E7B8ECF2310}.Debug|x86.ActiveCfg = Debug|Any CPU
		{95B8FD91-F539-4A88-9A19-4E7B8ECF2310}.Debug|x86.Build.0 = Debug|Any CPU
		{95B8FD91-F539-4A88-9A19-4E7B8ECF2310}.Release|Any CPU.ActiveCfg = Release|Any CPU
		{95B8FD91-F539-4A88-9A19-4E7B8ECF2310}.Release|Any CPU.Build.0 = Release|Any CPU
		{95B8FD91-F539-4A88-9A19-4E7B8ECF2310}.Release|x86.ActiveCfg = Release|Any CPU
		{95B8FD91-F539-4A88-9A19-4E7B8ECF2310}.Release|x86.Build.0 = Release|Any CPU
		{9DABD5A2-DD99-4F5C-8E12-9E268C4F53EB}.Debug|Any CPU.ActiveCfg = Debug|Any CPU
		{9DABD5A2-DD99-4F5C-8E12-9E268C4F53EB}.Debug|Any CPU.Build.0 = Debug|Any CPU
		{9DABD5A2-DD99-4F5C-8E12-9E268C4F53EB}.Debug|x86.ActiveCfg = Debug|Any CPU
		{9DABD5A2-DD99-4F5C-8E12-9E268C4F53EB}.Debug|x86.Build.0 = Debug|Any CPU
		{9DABD5A2-DD99-4F5C-8E12-9E268C4F53EB}.Release|Any CPU.ActiveCfg = Release|Any CPU
		{9DABD5A2-DD99-4F5C-8E12-9E268C4F53EB}.Release|Any CPU.Build.0 = Release|Any CPU
		{9DABD5A2-DD99-4F5C-8E12-9E268C4F53EB}.Release|x86.ActiveCfg = Release|Any CPU
		{9DABD5A2-DD99-4F5C-8E12-9E268C4F53EB}.Release|x86.Build.0 = Release|Any CPU
		{FAB314C1-525D-462B-82BE-560B6FA224C5}.Debug|Any CPU.ActiveCfg = Debug|Any CPU
		{FAB314C1-525D-462B-82BE-560B6FA224C5}.Debug|Any CPU.Build.0 = Debug|Any CPU
		{FAB314C1-525D-462B-82BE-560B6FA224C5}.Debug|x86.ActiveCfg = Debug|Any CPU
		{FAB314C1-525D-462B-82BE-560B6FA224C5}.Debug|x86.Build.0 = Debug|Any CPU
		{FAB314C1-525D-462B-82BE-560B6FA224C5}.Release|Any CPU.ActiveCfg = Release|Any CPU
		{FAB314C1-525D-462B-82BE-560B6FA224C5}.Release|Any CPU.Build.0 = Release|Any CPU
		{FAB314C1-525D-462B-82BE-560B6FA224C5}.Release|x86.ActiveCfg = Release|Any CPU
		{FAB314C1-525D-462B-82BE-560B6FA224C5}.Release|x86.Build.0 = Release|Any CPU
		{7214F82D-8FFE-4AA1-8EC2-6095E478D1E2}.Debug|Any CPU.ActiveCfg = Debug|Any CPU
		{7214F82D-8FFE-4AA1-8EC2-6095E478D1E2}.Debug|Any CPU.Build.0 = Debug|Any CPU
		{7214F82D-8FFE-4AA1-8EC2-6095E478D1E2}.Debug|x86.ActiveCfg = Debug|Any CPU
		{7214F82D-8FFE-4AA1-8EC2-6095E478D1E2}.Debug|x86.Build.0 = Debug|Any CPU
		{7214F82D-8FFE-4AA1-8EC2-6095E478D1E2}.Release|Any CPU.ActiveCfg = Release|Any CPU
		{7214F82D-8FFE-4AA1-8EC2-6095E478D1E2}.Release|Any CPU.Build.0 = Release|Any CPU
		{7214F82D-8FFE-4AA1-8EC2-6095E478D1E2}.Release|x86.ActiveCfg = Release|Any CPU
		{7214F82D-8FFE-4AA1-8EC2-6095E478D1E2}.Release|x86.Build.0 = Release|Any CPU
		{4169D94C-5E90-46BB-8871-E1A945D8EE35}.Debug|Any CPU.ActiveCfg = Debug|Any CPU
		{4169D94C-5E90-46BB-8871-E1A945D8EE35}.Debug|Any CPU.Build.0 = Debug|Any CPU
		{4169D94C-5E90-46BB-8871-E1A945D8EE35}.Debug|x86.ActiveCfg = Debug|Any CPU
		{4169D94C-5E90-46BB-8871-E1A945D8EE35}.Debug|x86.Build.0 = Debug|Any CPU
		{4169D94C-5E90-46BB-8871-E1A945D8EE35}.Release|Any CPU.ActiveCfg = Release|Any CPU
		{4169D94C-5E90-46BB-8871-E1A945D8EE35}.Release|Any CPU.Build.0 = Release|Any CPU
		{4169D94C-5E90-46BB-8871-E1A945D8EE35}.Release|x86.ActiveCfg = Release|Any CPU
		{4169D94C-5E90-46BB-8871-E1A945D8EE35}.Release|x86.Build.0 = Release|Any CPU
		{6C070C9C-7328-460D-909F-D91B18523B74}.Debug|Any CPU.ActiveCfg = Debug|Any CPU
		{6C070C9C-7328-460D-909F-D91B18523B74}.Debug|Any CPU.Build.0 = Debug|Any CPU
		{6C070C9C-7328-460D-909F-D91B18523B74}.Debug|x86.ActiveCfg = Debug|Any CPU
		{6C070C9C-7328-460D-909F-D91B18523B74}.Debug|x86.Build.0 = Debug|Any CPU
		{6C070C9C-7328-460D-909F-D91B18523B74}.Release|Any CPU.ActiveCfg = Release|Any CPU
		{6C070C9C-7328-460D-909F-D91B18523B74}.Release|Any CPU.Build.0 = Release|Any CPU
		{6C070C9C-7328-460D-909F-D91B18523B74}.Release|x86.ActiveCfg = Release|Any CPU
		{6C070C9C-7328-460D-909F-D91B18523B74}.Release|x86.Build.0 = Release|Any CPU
		{7C93F86B-B5D1-48AA-A226-7EA81FBD9FAB}.Debug|Any CPU.ActiveCfg = Debug|Any CPU
		{7C93F86B-B5D1-48AA-A226-7EA81FBD9FAB}.Debug|Any CPU.Build.0 = Debug|Any CPU
		{7C93F86B-B5D1-48AA-A226-7EA81FBD9FAB}.Debug|x86.ActiveCfg = Debug|Any CPU
		{7C93F86B-B5D1-48AA-A226-7EA81FBD9FAB}.Debug|x86.Build.0 = Debug|Any CPU
		{7C93F86B-B5D1-48AA-A226-7EA81FBD9FAB}.Release|Any CPU.ActiveCfg = Release|Any CPU
		{7C93F86B-B5D1-48AA-A226-7EA81FBD9FAB}.Release|Any CPU.Build.0 = Release|Any CPU
		{7C93F86B-B5D1-48AA-A226-7EA81FBD9FAB}.Release|x86.ActiveCfg = Release|Any CPU
		{7C93F86B-B5D1-48AA-A226-7EA81FBD9FAB}.Release|x86.Build.0 = Release|Any CPU
		{F55B6D7C-DDB3-4958-A4E5-49FC160AC3A6}.Debug|Any CPU.ActiveCfg = Debug|x86
		{F55B6D7C-DDB3-4958-A4E5-49FC160AC3A6}.Debug|x86.ActiveCfg = Debug|x86
		{F55B6D7C-DDB3-4958-A4E5-49FC160AC3A6}.Debug|x86.Build.0 = Debug|x86
		{F55B6D7C-DDB3-4958-A4E5-49FC160AC3A6}.Release|Any CPU.ActiveCfg = Release|x86
		{F55B6D7C-DDB3-4958-A4E5-49FC160AC3A6}.Release|x86.ActiveCfg = Release|x86
		{F55B6D7C-DDB3-4958-A4E5-49FC160AC3A6}.Release|x86.Build.0 = Release|x86
		{22C9D464-E7A1-45E6-A106-447668B6357B}.Debug|Any CPU.ActiveCfg = Debug|Any CPU
		{22C9D464-E7A1-45E6-A106-447668B6357B}.Debug|Any CPU.Build.0 = Debug|Any CPU
		{22C9D464-E7A1-45E6-A106-447668B6357B}.Debug|x86.ActiveCfg = Debug|Any CPU
		{22C9D464-E7A1-45E6-A106-447668B6357B}.Debug|x86.Build.0 = Debug|Any CPU
		{22C9D464-E7A1-45E6-A106-447668B6357B}.Release|Any CPU.ActiveCfg = Release|Any CPU
		{22C9D464-E7A1-45E6-A106-447668B6357B}.Release|Any CPU.Build.0 = Release|Any CPU
		{22C9D464-E7A1-45E6-A106-447668B6357B}.Release|x86.ActiveCfg = Release|Any CPU
		{22C9D464-E7A1-45E6-A106-447668B6357B}.Release|x86.Build.0 = Release|Any CPU
		{3AEDCC34-FBCE-4955-A329-F5A832F292E6}.Debug|Any CPU.ActiveCfg = Debug|Any CPU
		{3AEDCC34-FBCE-4955-A329-F5A832F292E6}.Debug|Any CPU.Build.0 = Debug|Any CPU
		{3AEDCC34-FBCE-4955-A329-F5A832F292E6}.Debug|x86.ActiveCfg = Debug|x86
		{3AEDCC34-FBCE-4955-A329-F5A832F292E6}.Debug|x86.Build.0 = Debug|x86
		{3AEDCC34-FBCE-4955-A329-F5A832F292E6}.Release|Any CPU.ActiveCfg = Release|Any CPU
		{3AEDCC34-FBCE-4955-A329-F5A832F292E6}.Release|Any CPU.Build.0 = Release|Any CPU
		{3AEDCC34-FBCE-4955-A329-F5A832F292E6}.Release|x86.ActiveCfg = Release|x86
		{3AEDCC34-FBCE-4955-A329-F5A832F292E6}.Release|x86.Build.0 = Release|x86
		{72E1E166-749E-4383-BAC7-B0A81F54F352}.Debug|Any CPU.ActiveCfg = Debug|Any CPU
		{72E1E166-749E-4383-BAC7-B0A81F54F352}.Debug|Any CPU.Build.0 = Debug|Any CPU
		{72E1E166-749E-4383-BAC7-B0A81F54F352}.Debug|x86.ActiveCfg = Debug|Any CPU
		{72E1E166-749E-4383-BAC7-B0A81F54F352}.Debug|x86.Build.0 = Debug|Any CPU
		{72E1E166-749E-4383-BAC7-B0A81F54F352}.Release|Any CPU.ActiveCfg = Release|Any CPU
		{72E1E166-749E-4383-BAC7-B0A81F54F352}.Release|Any CPU.Build.0 = Release|Any CPU
		{72E1E166-749E-4383-BAC7-B0A81F54F352}.Release|x86.ActiveCfg = Release|Any CPU
		{72E1E166-749E-4383-BAC7-B0A81F54F352}.Release|x86.Build.0 = Release|Any CPU
		{EE96B1B3-C4CC-4D58-B19A-B4FF850240B4}.Debug|Any CPU.ActiveCfg = Debug|Any CPU
		{EE96B1B3-C4CC-4D58-B19A-B4FF850240B4}.Debug|Any CPU.Build.0 = Debug|Any CPU
		{EE96B1B3-C4CC-4D58-B19A-B4FF850240B4}.Debug|x86.ActiveCfg = Debug|Any CPU
		{EE96B1B3-C4CC-4D58-B19A-B4FF850240B4}.Debug|x86.Build.0 = Debug|Any CPU
		{EE96B1B3-C4CC-4D58-B19A-B4FF850240B4}.Release|Any CPU.ActiveCfg = Release|Any CPU
		{EE96B1B3-C4CC-4D58-B19A-B4FF850240B4}.Release|Any CPU.Build.0 = Release|Any CPU
		{EE96B1B3-C4CC-4D58-B19A-B4FF850240B4}.Release|x86.ActiveCfg = Release|Any CPU
		{EE96B1B3-C4CC-4D58-B19A-B4FF850240B4}.Release|x86.Build.0 = Release|Any CPU
		{0DEFA6B6-6F7C-49FF-B763-9CB586E535C2}.Debug|Any CPU.ActiveCfg = Debug|Any CPU
		{0DEFA6B6-6F7C-49FF-B763-9CB586E535C2}.Debug|Any CPU.Build.0 = Debug|Any CPU
		{0DEFA6B6-6F7C-49FF-B763-9CB586E535C2}.Debug|x86.ActiveCfg = Debug|Any CPU
		{0DEFA6B6-6F7C-49FF-B763-9CB586E535C2}.Debug|x86.Build.0 = Debug|Any CPU
		{0DEFA6B6-6F7C-49FF-B763-9CB586E535C2}.Release|Any CPU.ActiveCfg = Release|Any CPU
		{0DEFA6B6-6F7C-49FF-B763-9CB586E535C2}.Release|Any CPU.Build.0 = Release|Any CPU
		{0DEFA6B6-6F7C-49FF-B763-9CB586E535C2}.Release|x86.ActiveCfg = Release|Any CPU
		{0DEFA6B6-6F7C-49FF-B763-9CB586E535C2}.Release|x86.Build.0 = Release|Any CPU
		{D480B832-3A9C-44FA-8EEB-72C60339A03E}.Debug|Any CPU.ActiveCfg = Debug|Any CPU
		{D480B832-3A9C-44FA-8EEB-72C60339A03E}.Debug|Any CPU.Build.0 = Debug|Any CPU
		{D480B832-3A9C-44FA-8EEB-72C60339A03E}.Debug|x86.ActiveCfg = Debug|Any CPU
		{D480B832-3A9C-44FA-8EEB-72C60339A03E}.Debug|x86.Build.0 = Debug|Any CPU
		{D480B832-3A9C-44FA-8EEB-72C60339A03E}.Release|Any CPU.ActiveCfg = Release|Any CPU
		{D480B832-3A9C-44FA-8EEB-72C60339A03E}.Release|Any CPU.Build.0 = Release|Any CPU
		{D480B832-3A9C-44FA-8EEB-72C60339A03E}.Release|x86.ActiveCfg = Release|Any CPU
		{D480B832-3A9C-44FA-8EEB-72C60339A03E}.Release|x86.Build.0 = Release|Any CPU
		{969AEE6A-2410-4621-A57A-129C7A2D466C}.Debug|Any CPU.ActiveCfg = Debug|Any CPU
		{969AEE6A-2410-4621-A57A-129C7A2D466C}.Debug|Any CPU.Build.0 = Debug|Any CPU
		{969AEE6A-2410-4621-A57A-129C7A2D466C}.Debug|x86.ActiveCfg = Debug|Any CPU
		{969AEE6A-2410-4621-A57A-129C7A2D466C}.Debug|x86.Build.0 = Debug|Any CPU
		{969AEE6A-2410-4621-A57A-129C7A2D466C}.Release|Any CPU.ActiveCfg = Release|Any CPU
		{969AEE6A-2410-4621-A57A-129C7A2D466C}.Release|Any CPU.Build.0 = Release|Any CPU
		{969AEE6A-2410-4621-A57A-129C7A2D466C}.Release|x86.ActiveCfg = Release|Any CPU
		{969AEE6A-2410-4621-A57A-129C7A2D466C}.Release|x86.Build.0 = Release|Any CPU
		{D4322705-0FBD-4788-B9D6-80F271EBB907}.Debug|Any CPU.ActiveCfg = Debug|Any CPU
		{D4322705-0FBD-4788-B9D6-80F271EBB907}.Debug|Any CPU.Build.0 = Debug|Any CPU
		{D4322705-0FBD-4788-B9D6-80F271EBB907}.Debug|x86.ActiveCfg = Debug|Any CPU
		{D4322705-0FBD-4788-B9D6-80F271EBB907}.Debug|x86.Build.0 = Debug|Any CPU
		{D4322705-0FBD-4788-B9D6-80F271EBB907}.Release|Any CPU.ActiveCfg = Release|Any CPU
		{D4322705-0FBD-4788-B9D6-80F271EBB907}.Release|Any CPU.Build.0 = Release|Any CPU
		{D4322705-0FBD-4788-B9D6-80F271EBB907}.Release|x86.ActiveCfg = Release|Any CPU
		{D4322705-0FBD-4788-B9D6-80F271EBB907}.Release|x86.Build.0 = Release|Any CPU
		{9E417A13-1C67-4508-AA45-F1F7FD34E221}.Debug|Any CPU.ActiveCfg = Debug|Any CPU
		{9E417A13-1C67-4508-AA45-F1F7FD34E221}.Debug|Any CPU.Build.0 = Debug|Any CPU
		{9E417A13-1C67-4508-AA45-F1F7FD34E221}.Debug|x86.ActiveCfg = Debug|Any CPU
		{9E417A13-1C67-4508-AA45-F1F7FD34E221}.Debug|x86.Build.0 = Debug|Any CPU
		{9E417A13-1C67-4508-AA45-F1F7FD34E221}.Release|Any CPU.ActiveCfg = Release|Any CPU
		{9E417A13-1C67-4508-AA45-F1F7FD34E221}.Release|Any CPU.Build.0 = Release|Any CPU
		{9E417A13-1C67-4508-AA45-F1F7FD34E221}.Release|x86.ActiveCfg = Release|Any CPU
		{9E417A13-1C67-4508-AA45-F1F7FD34E221}.Release|x86.Build.0 = Release|Any CPU
		{0E0CD5A9-AE33-48C4-BE21-D5EEE06BC9F4}.Debug|Any CPU.ActiveCfg = Debug|Any CPU
		{0E0CD5A9-AE33-48C4-BE21-D5EEE06BC9F4}.Debug|Any CPU.Build.0 = Debug|Any CPU
		{0E0CD5A9-AE33-48C4-BE21-D5EEE06BC9F4}.Debug|x86.ActiveCfg = Debug|Any CPU
		{0E0CD5A9-AE33-48C4-BE21-D5EEE06BC9F4}.Debug|x86.Build.0 = Debug|Any CPU
		{0E0CD5A9-AE33-48C4-BE21-D5EEE06BC9F4}.Release|Any CPU.ActiveCfg = Release|Any CPU
		{0E0CD5A9-AE33-48C4-BE21-D5EEE06BC9F4}.Release|Any CPU.Build.0 = Release|Any CPU
		{0E0CD5A9-AE33-48C4-BE21-D5EEE06BC9F4}.Release|x86.ActiveCfg = Release|Any CPU
		{0E0CD5A9-AE33-48C4-BE21-D5EEE06BC9F4}.Release|x86.Build.0 = Release|Any CPU
		{D304EC37-0676-445D-B5B0-CC296E268628}.Debug|Any CPU.ActiveCfg = Debug|Any CPU
		{D304EC37-0676-445D-B5B0-CC296E268628}.Debug|Any CPU.Build.0 = Debug|Any CPU
		{D304EC37-0676-445D-B5B0-CC296E268628}.Debug|x86.ActiveCfg = Debug|Any CPU
		{D304EC37-0676-445D-B5B0-CC296E268628}.Debug|x86.Build.0 = Debug|Any CPU
		{D304EC37-0676-445D-B5B0-CC296E268628}.Release|Any CPU.ActiveCfg = Release|Any CPU
		{D304EC37-0676-445D-B5B0-CC296E268628}.Release|Any CPU.Build.0 = Release|Any CPU
		{D304EC37-0676-445D-B5B0-CC296E268628}.Release|x86.ActiveCfg = Release|Any CPU
		{D304EC37-0676-445D-B5B0-CC296E268628}.Release|x86.Build.0 = Release|Any CPU
		{8EA14586-26DF-40AE-B7A3-1C575004CEC8}.Debug|Any CPU.ActiveCfg = Debug|Any CPU
		{8EA14586-26DF-40AE-B7A3-1C575004CEC8}.Debug|Any CPU.Build.0 = Debug|Any CPU
		{8EA14586-26DF-40AE-B7A3-1C575004CEC8}.Debug|x86.ActiveCfg = Debug|Any CPU
		{8EA14586-26DF-40AE-B7A3-1C575004CEC8}.Debug|x86.Build.0 = Debug|Any CPU
		{8EA14586-26DF-40AE-B7A3-1C575004CEC8}.Release|Any CPU.ActiveCfg = Release|Any CPU
		{8EA14586-26DF-40AE-B7A3-1C575004CEC8}.Release|Any CPU.Build.0 = Release|Any CPU
		{8EA14586-26DF-40AE-B7A3-1C575004CEC8}.Release|x86.ActiveCfg = Release|Any CPU
		{8EA14586-26DF-40AE-B7A3-1C575004CEC8}.Release|x86.Build.0 = Release|Any CPU
		{48441CCA-3528-4B1B-A7F1-5A55B1895663}.Debug|Any CPU.ActiveCfg = Debug|Any CPU
		{48441CCA-3528-4B1B-A7F1-5A55B1895663}.Debug|Any CPU.Build.0 = Debug|Any CPU
		{48441CCA-3528-4B1B-A7F1-5A55B1895663}.Debug|x86.ActiveCfg = Debug|Any CPU
		{48441CCA-3528-4B1B-A7F1-5A55B1895663}.Debug|x86.Build.0 = Debug|Any CPU
		{48441CCA-3528-4B1B-A7F1-5A55B1895663}.Release|Any CPU.ActiveCfg = Release|Any CPU
		{48441CCA-3528-4B1B-A7F1-5A55B1895663}.Release|Any CPU.Build.0 = Release|Any CPU
		{48441CCA-3528-4B1B-A7F1-5A55B1895663}.Release|x86.ActiveCfg = Release|Any CPU
		{48441CCA-3528-4B1B-A7F1-5A55B1895663}.Release|x86.Build.0 = Release|Any CPU
		{69A0EE45-348F-4668-A2C8-9E4604D64D13}.Debug|Any CPU.ActiveCfg = Debug|Any CPU
		{69A0EE45-348F-4668-A2C8-9E4604D64D13}.Debug|Any CPU.Build.0 = Debug|Any CPU
		{69A0EE45-348F-4668-A2C8-9E4604D64D13}.Debug|x86.ActiveCfg = Debug|Any CPU
		{69A0EE45-348F-4668-A2C8-9E4604D64D13}.Debug|x86.Build.0 = Debug|Any CPU
		{69A0EE45-348F-4668-A2C8-9E4604D64D13}.Release|Any CPU.ActiveCfg = Release|Any CPU
		{69A0EE45-348F-4668-A2C8-9E4604D64D13}.Release|Any CPU.Build.0 = Release|Any CPU
		{69A0EE45-348F-4668-A2C8-9E4604D64D13}.Release|x86.ActiveCfg = Release|Any CPU
		{69A0EE45-348F-4668-A2C8-9E4604D64D13}.Release|x86.Build.0 = Release|Any CPU
		{E052B11C-D62F-4EF5-8A26-1031E68C95A9}.Debug|Any CPU.ActiveCfg = Debug|Any CPU
		{E052B11C-D62F-4EF5-8A26-1031E68C95A9}.Debug|Any CPU.Build.0 = Debug|Any CPU
		{E052B11C-D62F-4EF5-8A26-1031E68C95A9}.Debug|x86.ActiveCfg = Debug|Any CPU
		{E052B11C-D62F-4EF5-8A26-1031E68C95A9}.Debug|x86.Build.0 = Debug|Any CPU
		{E052B11C-D62F-4EF5-8A26-1031E68C95A9}.Release|Any CPU.ActiveCfg = Release|Any CPU
		{E052B11C-D62F-4EF5-8A26-1031E68C95A9}.Release|Any CPU.Build.0 = Release|Any CPU
		{E052B11C-D62F-4EF5-8A26-1031E68C95A9}.Release|x86.ActiveCfg = Release|Any CPU
		{E052B11C-D62F-4EF5-8A26-1031E68C95A9}.Release|x86.Build.0 = Release|Any CPU
		{70509CE9-6E4A-4C22-B18E-3491AEB0BEBB}.Debug|Any CPU.ActiveCfg = Debug|Any CPU
		{70509CE9-6E4A-4C22-B18E-3491AEB0BEBB}.Debug|Any CPU.Build.0 = Debug|Any CPU
		{70509CE9-6E4A-4C22-B18E-3491AEB0BEBB}.Debug|x86.ActiveCfg = Debug|Any CPU
		{70509CE9-6E4A-4C22-B18E-3491AEB0BEBB}.Debug|x86.Build.0 = Debug|Any CPU
		{70509CE9-6E4A-4C22-B18E-3491AEB0BEBB}.Release|Any CPU.ActiveCfg = Release|Any CPU
		{70509CE9-6E4A-4C22-B18E-3491AEB0BEBB}.Release|Any CPU.Build.0 = Release|Any CPU
		{70509CE9-6E4A-4C22-B18E-3491AEB0BEBB}.Release|x86.ActiveCfg = Release|Any CPU
		{70509CE9-6E4A-4C22-B18E-3491AEB0BEBB}.Release|x86.Build.0 = Release|Any CPU
		{411E0678-42AD-4074-AAC8-8C5AE2FD6468}.Debug|Any CPU.ActiveCfg = Debug|Any CPU
		{411E0678-42AD-4074-AAC8-8C5AE2FD6468}.Debug|Any CPU.Build.0 = Debug|Any CPU
		{411E0678-42AD-4074-AAC8-8C5AE2FD6468}.Debug|x86.ActiveCfg = Debug|Any CPU
		{411E0678-42AD-4074-AAC8-8C5AE2FD6468}.Debug|x86.Build.0 = Debug|Any CPU
		{411E0678-42AD-4074-AAC8-8C5AE2FD6468}.Release|Any CPU.ActiveCfg = Release|Any CPU
		{411E0678-42AD-4074-AAC8-8C5AE2FD6468}.Release|Any CPU.Build.0 = Release|Any CPU
		{411E0678-42AD-4074-AAC8-8C5AE2FD6468}.Release|x86.ActiveCfg = Release|Any CPU
		{411E0678-42AD-4074-AAC8-8C5AE2FD6468}.Release|x86.Build.0 = Release|Any CPU
		{A74FF875-E06F-4759-9A8B-88ADC4A540F2}.Debug|Any CPU.ActiveCfg = Debug|Any CPU
		{A74FF875-E06F-4759-9A8B-88ADC4A540F2}.Debug|Any CPU.Build.0 = Debug|Any CPU
		{A74FF875-E06F-4759-9A8B-88ADC4A540F2}.Debug|x86.ActiveCfg = Debug|Any CPU
		{A74FF875-E06F-4759-9A8B-88ADC4A540F2}.Debug|x86.Build.0 = Debug|Any CPU
		{A74FF875-E06F-4759-9A8B-88ADC4A540F2}.Release|Any CPU.ActiveCfg = Release|Any CPU
		{A74FF875-E06F-4759-9A8B-88ADC4A540F2}.Release|Any CPU.Build.0 = Release|Any CPU
		{A74FF875-E06F-4759-9A8B-88ADC4A540F2}.Release|x86.ActiveCfg = Release|Any CPU
		{A74FF875-E06F-4759-9A8B-88ADC4A540F2}.Release|x86.Build.0 = Release|Any CPU
	EndGlobalSection
	GlobalSection(SolutionProperties) = preSolution
		HideSolutionNode = FALSE
	EndGlobalSection
	GlobalSection(NestedProjects) = preSolution
		{0951676D-0FB3-4E35-B9D2-ED28EA141ADA} = {FD4897CE-B812-4ACE-8EFD-5784D1091E1A}
		{3B82EF9E-967F-447E-B243-0274755BB7B8} = {FD4897CE-B812-4ACE-8EFD-5784D1091E1A}
		{0328D4F1-7A02-4897-9E3F-353B7597A4EC} = {FD4897CE-B812-4ACE-8EFD-5784D1091E1A}
		{E4D44380-972C-4E6C-919E-3FAD1F71977F} = {FD4897CE-B812-4ACE-8EFD-5784D1091E1A}
		{46293AEA-1EDA-42E7-AD4F-52B5E7641261} = {FD4897CE-B812-4ACE-8EFD-5784D1091E1A}
		{85137B17-8021-4AB9-AEDB-D5B30E0D3F24} = {FD4897CE-B812-4ACE-8EFD-5784D1091E1A}
		{CB3288A6-E04F-47A7-BFBA-A5D5163541BA} = {FD4897CE-B812-4ACE-8EFD-5784D1091E1A}
		{FB8262CC-7A58-42ED-B106-FC483A5C07CD} = {FD4897CE-B812-4ACE-8EFD-5784D1091E1A}
		{5E199FCB-DA96-4F18-8C7B-F124334A7322} = {D37FC88E-7D6A-470E-B7AC-FFF8B6B8398A}
		{5D299C52-7F3A-4B43-B624-728041707543} = {D37FC88E-7D6A-470E-B7AC-FFF8B6B8398A}
		{D4B47FC6-A751-423B-BBC9-215ECED06342} = {D37FC88E-7D6A-470E-B7AC-FFF8B6B8398A}
		{432FAC96-898B-4AA9-BC11-796670F9A344} = {D37FC88E-7D6A-470E-B7AC-FFF8B6B8398A}
		{BB98DE04-9900-40BF-A751-BC24290138BD} = {D37FC88E-7D6A-470E-B7AC-FFF8B6B8398A}
		{2F03353B-AF62-49B5-8346-15555129CCC5} = {D37FC88E-7D6A-470E-B7AC-FFF8B6B8398A}
		{16BE3F0A-A5AF-438C-BB7F-7E3ADBE498EB} = {D37FC88E-7D6A-470E-B7AC-FFF8B6B8398A}
		{995C053E-7C04-41AE-8C7E-F3A7BF96DC12} = {D37FC88E-7D6A-470E-B7AC-FFF8B6B8398A}
		{385F9366-402B-4F7F-969C-A628A5FA60C3} = {D37FC88E-7D6A-470E-B7AC-FFF8B6B8398A}
		{7CFC56FD-F4D4-4F5B-B80D-B50E0FFC0BA2} = {D37FC88E-7D6A-470E-B7AC-FFF8B6B8398A}
		{CCD478DD-CFDD-4E52-8EC2-183B206D4FBA} = {B78DF69C-6F96-4C90-AF2D-664E22B524DF}
		{D604ACBD-B350-4E69-A071-D7BAF8DF29C6} = {B78DF69C-6F96-4C90-AF2D-664E22B524DF}
		{F0C829E7-160B-4136-9BAB-A45D0B519104} = {B78DF69C-6F96-4C90-AF2D-664E22B524DF}
		{F3594E30-DA84-4538-BAA3-0959B86AA879} = {78E86BD9-1102-4C2C-92F3-13049CA1CA5B}
		{539FA0DE-4EF2-4035-832D-9E8614E92A48} = {78E86BD9-1102-4C2C-92F3-13049CA1CA5B}
		{EFCC33E1-B5E7-443B-A5C0-05FF6E9469CE} = {FD4897CE-B812-4ACE-8EFD-5784D1091E1A}
		{3B360D70-1A13-491F-84FF-8AEBE1CEBAE7} = {FD4897CE-B812-4ACE-8EFD-5784D1091E1A}
		{EFC3E9A1-06B8-45E1-A23C-1172EC826273} = {D37FC88E-7D6A-470E-B7AC-FFF8B6B8398A}
		{DC5B7F3A-AAF4-47F8-ABE5-820FB93016CC} = {78E86BD9-1102-4C2C-92F3-13049CA1CA5B}
		{D2A14196-3C00-4E3B-B716-FB168D32E343} = {78E86BD9-1102-4C2C-92F3-13049CA1CA5B}
		{95B8FD91-F539-4A88-9A19-4E7B8ECF2310} = {78E86BD9-1102-4C2C-92F3-13049CA1CA5B}
		{9DABD5A2-DD99-4F5C-8E12-9E268C4F53EB} = {78E86BD9-1102-4C2C-92F3-13049CA1CA5B}
		{FAB314C1-525D-462B-82BE-560B6FA224C5} = {6D938301-0679-4ADA-91DB-8D3DCB67D175}
		{7214F82D-8FFE-4AA1-8EC2-6095E478D1E2} = {6D938301-0679-4ADA-91DB-8D3DCB67D175}
		{4169D94C-5E90-46BB-8871-E1A945D8EE35} = {6D938301-0679-4ADA-91DB-8D3DCB67D175}
		{6C070C9C-7328-460D-909F-D91B18523B74} = {6D938301-0679-4ADA-91DB-8D3DCB67D175}
		{7C93F86B-B5D1-48AA-A226-7EA81FBD9FAB} = {6D938301-0679-4ADA-91DB-8D3DCB67D175}
		{F55B6D7C-DDB3-4958-A4E5-49FC160AC3A6} = {6D938301-0679-4ADA-91DB-8D3DCB67D175}
		{22C9D464-E7A1-45E6-A106-447668B6357B} = {6D938301-0679-4ADA-91DB-8D3DCB67D175}
		{3AEDCC34-FBCE-4955-A329-F5A832F292E6} = {D2706832-CE4B-441D-B799-A284B8322FAA}
		{72E1E166-749E-4383-BAC7-B0A81F54F352} = {78E86BD9-1102-4C2C-92F3-13049CA1CA5B}
		{EE96B1B3-C4CC-4D58-B19A-B4FF850240B4} = {FD4897CE-B812-4ACE-8EFD-5784D1091E1A}
		{0DEFA6B6-6F7C-49FF-B763-9CB586E535C2} = {FD4897CE-B812-4ACE-8EFD-5784D1091E1A}
		{D480B832-3A9C-44FA-8EEB-72C60339A03E} = {B78DF69C-6F96-4C90-AF2D-664E22B524DF}
		{969AEE6A-2410-4621-A57A-129C7A2D466C} = {6D938301-0679-4ADA-91DB-8D3DCB67D175}
		{F2758F3B-80E2-4C81-BF40-C0B702C174A7} = {B78DF69C-6F96-4C90-AF2D-664E22B524DF}
		{D4322705-0FBD-4788-B9D6-80F271EBB907} = {F2758F3B-80E2-4C81-BF40-C0B702C174A7}
		{9E417A13-1C67-4508-AA45-F1F7FD34E221} = {F2758F3B-80E2-4C81-BF40-C0B702C174A7}
		{0E0CD5A9-AE33-48C4-BE21-D5EEE06BC9F4} = {F2758F3B-80E2-4C81-BF40-C0B702C174A7}
		{D304EC37-0676-445D-B5B0-CC296E268628} = {F2758F3B-80E2-4C81-BF40-C0B702C174A7}
		{8EA14586-26DF-40AE-B7A3-1C575004CEC8} = {6D938301-0679-4ADA-91DB-8D3DCB67D175}
		{48441CCA-3528-4B1B-A7F1-5A55B1895663} = {FD4897CE-B812-4ACE-8EFD-5784D1091E1A}
		{69A0EE45-348F-4668-A2C8-9E4604D64D13} = {B70A0164-F71E-4B80-A9FA-E42373FB594E}
		{E052B11C-D62F-4EF5-8A26-1031E68C95A9} = {B70A0164-F71E-4B80-A9FA-E42373FB594E}
		{70509CE9-6E4A-4C22-B18E-3491AEB0BEBB} = {B70A0164-F71E-4B80-A9FA-E42373FB594E}
		{411E0678-42AD-4074-AAC8-8C5AE2FD6468} = {B70A0164-F71E-4B80-A9FA-E42373FB594E}
		{A74FF875-E06F-4759-9A8B-88ADC4A540F2} = {B70A0164-F71E-4B80-A9FA-E42373FB594E}
	EndGlobalSection
	GlobalSection(ExtensibilityGlobals) = postSolution
		SolutionGuid = {F829324C-BB3E-4CE3-8FDC-5D4D5CDEAD5A}
	EndGlobalSection
EndGlobal
